
Microsoft Visual Studio Solution File, Format Version 12.00
# Visual Studio Version 16
VisualStudioVersion = 16.0.31112.23
MinimumVisualStudioVersion = 10.0.40219.1
Project("{FAE04EC0-301F-11D3-BF4B-00C04F79EFBC}") = "010Proxy", "010Proxy\010Proxy.csproj", "{62A10296-1570-49A5-BB77-0A6CFA2ACB8C}"
EndProject
Global
	GlobalSection(SolutionConfigurationPlatforms) = preSolution
		Debug|Any CPU = Debug|Any CPU
		Debug|x86 = Debug|x86
		Release|Any CPU = Release|Any CPU
		Release|x86 = Release|x86
	EndGlobalSection
	GlobalSection(ProjectConfigurationPlatforms) = postSolution
		{62A10296-1570-49A5-BB77-0A6CFA2ACB8C}.Debug|Any CPU.ActiveCfg = Debug|Any CPU
		{62A10296-1570-49A5-BB77-0A6CFA2ACB8C}.Debug|Any CPU.Build.0 = Debug|Any CPU
		{62A10296-1570-49A5-BB77-0A6CFA2ACB8C}.Debug|x86.ActiveCfg = Debug|Any CPU
		{62A10296-1570-49A5-BB77-0A6CFA2ACB8C}.Debug|x86.Build.0 = Debug|Any CPU
		{62A10296-1570-49A5-BB77-0A6CFA2ACB8C}.Release|Any CPU.ActiveCfg = Release|Any CPU
		{62A10296-1570-49A5-BB77-0A6CFA2ACB8C}.Release|Any CPU.Build.0 = Release|Any CPU
		{62A10296-1570-49A5-BB77-0A6CFA2ACB8C}.Release|x86.ActiveCfg = Release|Any CPU
		{62A10296-1570-49A5-BB77-0A6CFA2ACB8C}.Release|x86.Build.0 = Release|Any CPU
	EndGlobalSection
	GlobalSection(SolutionProperties) = preSolution
		HideSolutionNode = FALSE
	EndGlobalSection
	GlobalSection(ExtensibilityGlobals) = postSolution
		SolutionGuid = {7F2DBB1E-A94A-434B-84F7-B3AC03D77081}
	EndGlobalSection
EndGlobal
